// !$*UTF8*$!
{
	archiveVersion = 1;
	classes = {
	};
	objectVersion = 56;
	objects = {

/* Begin PBXBuildFile section */
		457688B42AEE61FD00F5463F /* main.cpp in Sources */ = {isa = PBXBuildFile; fileRef = 457688B32AEE61FD00F5463F /* main.cpp */; };
		457688BC2AEE675500F5463F /* OpenGL.framework in Frameworks */ = {isa = PBXBuildFile; fileRef = 457688BB2AEE675500F5463F /* OpenGL.framework */; };
		457688BE2AEE677D00F5463F /* libglfw.3.3.dylib in Frameworks */ = {isa = PBXBuildFile; fileRef = 457688BD2AEE677D00F5463F /* libglfw.3.3.dylib */; };
		457688C02AEE682600F5463F /* glad.c in Sources */ = {isa = PBXBuildFile; fileRef = 457688BF2AEE682600F5463F /* glad.c */; };
		457688D02AEE68DB00F5463F /* stb_image.cpp in Sources */ = {isa = PBXBuildFile; fileRef = 457688C72AEE68DB00F5463F /* stb_image.cpp */; };
/* End PBXBuildFile section */

/* Begin PBXCopyFilesBuildPhase section */
		457688AE2AEE61FD00F5463F /* CopyFiles */ = {
			isa = PBXCopyFilesBuildPhase;
			buildActionMask = 2147483647;
			dstPath = /usr/share/man/man1/;
			dstSubfolderSpec = 0;
			files = (
			);
			runOnlyForDeploymentPostprocessing = 1;
		};
/* End PBXCopyFilesBuildPhase section */

/* Begin PBXFileReference section */
		457688B02AEE61FD00F5463F /* Basketball3 */ = {isa = PBXFileReference; explicitFileType = "compiled.mach-o.executable"; includeInIndex = 0; path = Basketball3; sourceTree = BUILT_PRODUCTS_DIR; };
		457688B32AEE61FD00F5463F /* main.cpp */ = {isa = PBXFileReference; lastKnownFileType = sourcecode.cpp.cpp; path = main.cpp; sourceTree = "<group>"; };
		457688BB2AEE675500F5463F /* OpenGL.framework */ = {isa = PBXFileReference; lastKnownFileType = wrapper.framework; name = OpenGL.framework; path = System/Library/Frameworks/OpenGL.framework; sourceTree = SDKROOT; };
		457688BD2AEE677D00F5463F /* libglfw.3.3.dylib */ = {isa = PBXFileReference; lastKnownFileType = "compiled.mach-o.dylib"; name = libglfw.3.3.dylib; path = ../../../../../../../../../opt/homebrew/Cellar/glfw/3.3.8/lib/libglfw.3.3.dylib; sourceTree = "<group>"; };
		457688BF2AEE682600F5463F /* glad.c */ = {isa = PBXFileReference; fileEncoding = 4; lastKnownFileType = sourcecode.c.c; path = glad.c; sourceTree = "<group>"; };
		457688C12AEE68DB00F5463F /* fragmentShaderForPhongShadingWithTexture.fs */ = {isa = PBXFileReference; fileEncoding = 4; lastKnownFileType = sourcecode.glsl; path = fragmentShaderForPhongShadingWithTexture.fs; sourceTree = "<group>"; };
		457688C22AEE68DB00F5463F /* shader.h */ = {isa = PBXFileReference; fileEncoding = 4; lastKnownFileType = sourcecode.c.h; path = shader.h; sourceTree = "<group>"; };
		457688C32AEE68DB00F5463F /* vertexShaderForPhongShadingWithTexture.vs */ = {isa = PBXFileReference; fileEncoding = 4; lastKnownFileType = sourcecode.glsl; path = vertexShaderForPhongShadingWithTexture.vs; sourceTree = "<group>"; };
		457688C42AEE68DB00F5463F /* pointLight.h */ = {isa = PBXFileReference; fileEncoding = 4; lastKnownFileType = sourcecode.c.h; path = pointLight.h; sourceTree = "<group>"; };
		457688C52AEE68DB00F5463F /* basic_camera.h */ = {isa = PBXFileReference; fileEncoding = 4; lastKnownFileType = sourcecode.c.h; path = basic_camera.h; sourceTree = "<group>"; };
		457688C62AEE68DB00F5463F /* camera.h */ = {isa = PBXFileReference; fileEncoding = 4; lastKnownFileType = sourcecode.c.h; path = camera.h; sourceTree = "<group>"; };
		457688C72AEE68DB00F5463F /* stb_image.cpp */ = {isa = PBXFileReference; fileEncoding = 4; lastKnownFileType = sourcecode.cpp.cpp; path = stb_image.cpp; sourceTree = "<group>"; };
		457688C82AEE68DB00F5463F /* fragmentShader.fs */ = {isa = PBXFileReference; fileEncoding = 4; lastKnownFileType = sourcecode.glsl; path = fragmentShader.fs; sourceTree = "<group>"; };
		457688CA2AEE68DB00F5463F /* stb_image.h */ = {isa = PBXFileReference; fileEncoding = 4; lastKnownFileType = sourcecode.c.h; path = stb_image.h; sourceTree = "<group>"; };
		457688CC2AEE68DB00F5463F /* cube.h */ = {isa = PBXFileReference; fileEncoding = 4; lastKnownFileType = sourcecode.c.h; path = cube.h; sourceTree = "<group>"; };
		457688CF2AEE68DB00F5463F /* vertexShader.vs */ = {isa = PBXFileReference; fileEncoding = 4; lastKnownFileType = sourcecode.glsl; path = vertexShader.vs; sourceTree = "<group>"; };
		457688D12AF019F500F5463F /* image */ = {isa = PBXFileReference; lastKnownFileType = folder; path = image; sourceTree = "<group>"; };
		45C54D832AF17D3500B10247 /* triangle.h */ = {isa = PBXFileReference; fileEncoding = 4; lastKnownFileType = sourcecode.c.h; path = triangle.h; sourceTree = "<group>"; };
		45C54D842AF1CF0C00B10247 /* sphere.h */ = {isa = PBXFileReference; fileEncoding = 4; lastKnownFileType = sourcecode.c.h; path = sphere.h; sourceTree = "<group>"; };
		45C69D7F2B025D3500C2C184 /* print_text.h */ = {isa = PBXFileReference; lastKnownFileType = sourcecode.c.h; path = print_text.h; sourceTree = "<group>"; };
		45C69D802B025F3400C2C184 /* ft2build.h */ = {isa = PBXFileReference; lastKnownFileType = sourcecode.c.h; path = ft2build.h; sourceTree = "<group>"; };
		45C69DE92B02DF5600C2C184 /* curve.h */ = {isa = PBXFileReference; lastKnownFileType = sourcecode.c.h; path = curve.h; sourceTree = "<group>"; };
		45C69DEB2B038CDA00C2C184 /* directionalLight.h */ = {isa = PBXFileReference; fileEncoding = 4; lastKnownFileType = sourcecode.c.h; path = directionalLight.h; sourceTree = "<group>"; };
/* End PBXFileReference section */

/* Begin PBXFrameworksBuildPhase section */
		457688AD2AEE61FD00F5463F /* Frameworks */ = {
			isa = PBXFrameworksBuildPhase;
			buildActionMask = 2147483647;
			files = (
				457688BE2AEE677D00F5463F /* libglfw.3.3.dylib in Frameworks */,
				457688BC2AEE675500F5463F /* OpenGL.framework in Frameworks */,
			);
			runOnlyForDeploymentPostprocessing = 0;
		};
/* End PBXFrameworksBuildPhase section */

/* Begin PBXGroup section */
		457688A72AEE61FD00F5463F = {
			isa = PBXGroup;
			children = (
				457688B22AEE61FD00F5463F /* Basketball3 */,
				457688B12AEE61FD00F5463F /* Products */,
				457688BA2AEE675500F5463F /* Frameworks */,
			);
			sourceTree = "<group>";
		};
		457688B12AEE61FD00F5463F /* Products */ = {
			isa = PBXGroup;
			children = (
				457688B02AEE61FD00F5463F /* Basketball3 */,
			);
			name = Products;
			sourceTree = "<group>";
		};
		457688B22AEE61FD00F5463F /* Basketball3 */ = {
			isa = PBXGroup;
			children = (
				457688D12AF019F500F5463F /* image */,
				457688C52AEE68DB00F5463F /* basic_camera.h */,
				457688C62AEE68DB00F5463F /* camera.h */,
				45C69D802B025F3400C2C184 /* ft2build.h */,
				457688CC2AEE68DB00F5463F /* cube.h */,
				45C54D842AF1CF0C00B10247 /* sphere.h */,
				457688C42AEE68DB00F5463F /* pointLight.h */,
				457688C22AEE68DB00F5463F /* shader.h */,
				457688CA2AEE68DB00F5463F /* stb_image.h */,
				45C69DEB2B038CDA00C2C184 /* directionalLight.h */,
				45C69DE92B02DF5600C2C184 /* curve.h */,
				45C54D832AF17D3500B10247 /* triangle.h */,
				45C69D7F2B025D3500C2C184 /* print_text.h */,
				457688C82AEE68DB00F5463F /* fragmentShader.fs */,
				457688C12AEE68DB00F5463F /* fragmentShaderForPhongShadingWithTexture.fs */,
				457688CF2AEE68DB00F5463F /* vertexShader.vs */,
				457688C32AEE68DB00F5463F /* vertexShaderForPhongShadingWithTexture.vs */,
				457688C72AEE68DB00F5463F /* stb_image.cpp */,
				457688BF2AEE682600F5463F /* glad.c */,
				457688B32AEE61FD00F5463F /* main.cpp */,
			);
			path = Basketball3;
			sourceTree = "<group>";
		};
		457688BA2AEE675500F5463F /* Frameworks */ = {
			isa = PBXGroup;
			children = (
				457688BD2AEE677D00F5463F /* libglfw.3.3.dylib */,
				457688BB2AEE675500F5463F /* OpenGL.framework */,
			);
			name = Frameworks;
			sourceTree = "<group>";
		};
/* End PBXGroup section */

/* Begin PBXNativeTarget section */
		457688AF2AEE61FD00F5463F /* Basketball3 */ = {
			isa = PBXNativeTarget;
			buildConfigurationList = 457688B72AEE61FD00F5463F /* Build configuration list for PBXNativeTarget "Basketball3" */;
			buildPhases = (
				457688AC2AEE61FD00F5463F /* Sources */,
				457688AD2AEE61FD00F5463F /* Frameworks */,
				457688AE2AEE61FD00F5463F /* CopyFiles */,
			);
			buildRules = (
			);
			dependencies = (
			);
			name = Basketball3;
			productName = Basketball3;
			productReference = 457688B02AEE61FD00F5463F /* Basketball3 */;
			productType = "com.apple.product-type.tool";
		};
/* End PBXNativeTarget section */

/* Begin PBXProject section */
		457688A82AEE61FD00F5463F /* Project object */ = {
			isa = PBXProject;
			attributes = {
				BuildIndependentTargetsInParallel = 1;
				LastUpgradeCheck = 1500;
				TargetAttributes = {
					457688AF2AEE61FD00F5463F = {
						CreatedOnToolsVersion = 15.0;
					};
				};
			};
			buildConfigurationList = 457688AB2AEE61FD00F5463F /* Build configuration list for PBXProject "Basketball3" */;
			compatibilityVersion = "Xcode 14.0";
			developmentRegion = en;
			hasScannedForEncodings = 0;
			knownRegions = (
				en,
				Base,
			);
			mainGroup = 457688A72AEE61FD00F5463F;
			productRefGroup = 457688B12AEE61FD00F5463F /* Products */;
			projectDirPath = "";
			projectRoot = "";
			targets = (
				457688AF2AEE61FD00F5463F /* Basketball3 */,
			);
		};
/* End PBXProject section */

/* Begin PBXSourcesBuildPhase section */
		457688AC2AEE61FD00F5463F /* Sources */ = {
			isa = PBXSourcesBuildPhase;
			buildActionMask = 2147483647;
			files = (
				457688D02AEE68DB00F5463F /* stb_image.cpp in Sources */,
				457688B42AEE61FD00F5463F /* main.cpp in Sources */,
				457688C02AEE682600F5463F /* glad.c in Sources */,
			);
			runOnlyForDeploymentPostprocessing = 0;
		};
/* End PBXSourcesBuildPhase section */

/* Begin XCBuildConfiguration section */
		457688B52AEE61FD00F5463F /* Debug */ = {
			isa = XCBuildConfiguration;
			buildSettings = {
				ALWAYS_SEARCH_USER_PATHS = NO;
				ASSETCATALOG_COMPILER_GENERATE_SWIFT_ASSET_SYMBOL_EXTENSIONS = YES;
				CLANG_ANALYZER_NONNULL = YES;
				CLANG_ANALYZER_NUMBER_OBJECT_CONVERSION = YES_AGGRESSIVE;
				CLANG_CXX_LANGUAGE_STANDARD = "gnu++20";
				CLANG_ENABLE_MODULES = YES;
				CLANG_ENABLE_OBJC_ARC = YES;
				CLANG_ENABLE_OBJC_WEAK = YES;
				CLANG_WARN_BLOCK_CAPTURE_AUTORELEASING = YES;
				CLANG_WARN_BOOL_CONVERSION = YES;
				CLANG_WARN_COMMA = YES;
				CLANG_WARN_CONSTANT_CONVERSION = YES;
				CLANG_WARN_DEPRECATED_OBJC_IMPLEMENTATIONS = YES;
				CLANG_WARN_DIRECT_OBJC_ISA_USAGE = YES_ERROR;
				CLANG_WARN_DOCUMENTATION_COMMENTS = YES;
				CLANG_WARN_EMPTY_BODY = YES;
				CLANG_WARN_ENUM_CONVERSION = YES;
				CLANG_WARN_INFINITE_RECURSION = YES;
				CLANG_WARN_INT_CONVERSION = YES;
				CLANG_WARN_NON_LITERAL_NULL_CONVERSION = YES;
				CLANG_WARN_OBJC_IMPLICIT_RETAIN_SELF = YES;
				CLANG_WARN_OBJC_LITERAL_CONVERSION = YES;
				CLANG_WARN_OBJC_ROOT_CLASS = YES_ERROR;
				CLANG_WARN_QUOTED_INCLUDE_IN_FRAMEWORK_HEADER = YES;
				CLANG_WARN_RANGE_LOOP_ANALYSIS = YES;
				CLANG_WARN_STRICT_PROTOTYPES = YES;
				CLANG_WARN_SUSPICIOUS_MOVE = YES;
				CLANG_WARN_UNGUARDED_AVAILABILITY = YES_AGGRESSIVE;
				CLANG_WARN_UNREACHABLE_CODE = YES;
				CLANG_WARN__DUPLICATE_METHOD_MATCH = YES;
				COPY_PHASE_STRIP = NO;
				DEBUG_INFORMATION_FORMAT = dwarf;
				ENABLE_STRICT_OBJC_MSGSEND = YES;
				ENABLE_TESTABILITY = YES;
				ENABLE_USER_SCRIPT_SANDBOXING = YES;
				GCC_C_LANGUAGE_STANDARD = gnu17;
				GCC_DYNAMIC_NO_PIC = NO;
				GCC_NO_COMMON_BLOCKS = YES;
				GCC_OPTIMIZATION_LEVEL = 0;
				GCC_PREPROCESSOR_DEFINITIONS = (
					"DEBUG=1",
					"$(inherited)",
				);
				GCC_WARN_64_TO_32_BIT_CONVERSION = YES;
				GCC_WARN_ABOUT_RETURN_TYPE = YES_ERROR;
				GCC_WARN_UNDECLARED_SELECTOR = YES;
				GCC_WARN_UNINITIALIZED_AUTOS = YES_AGGRESSIVE;
				GCC_WARN_UNUSED_FUNCTION = YES;
				GCC_WARN_UNUSED_VARIABLE = YES;
				LOCALIZATION_PREFERS_STRING_CATALOGS = YES;
				MACOSX_DEPLOYMENT_TARGET = 14.0;
				MTL_ENABLE_DEBUG_INFO = INCLUDE_SOURCE;
				MTL_FAST_MATH = YES;
				ONLY_ACTIVE_ARCH = YES;
				SDKROOT = macosx;
			};
			name = Debug;
		};
		457688B62AEE61FD00F5463F /* Release */ = {
			isa = XCBuildConfiguration;
			buildSettings = {
				ALWAYS_SEARCH_USER_PATHS = NO;
				ASSETCATALOG_COMPILER_GENERATE_SWIFT_ASSET_SYMBOL_EXTENSIONS = YES;
				CLANG_ANALYZER_NONNULL = YES;
				CLANG_ANALYZER_NUMBER_OBJECT_CONVERSION = YES_AGGRESSIVE;
				CLANG_CXX_LANGUAGE_STANDARD = "gnu++20";
				CLANG_ENABLE_MODULES = YES;
				CLANG_ENABLE_OBJC_ARC = YES;
				CLANG_ENABLE_OBJC_WEAK = YES;
				CLANG_WARN_BLOCK_CAPTURE_AUTORELEASING = YES;
				CLANG_WARN_BOOL_CONVERSION = YES;
				CLANG_WARN_COMMA = YES;
				CLANG_WARN_CONSTANT_CONVERSION = YES;
				CLANG_WARN_DEPRECATED_OBJC_IMPLEMENTATIONS = YES;
				CLANG_WARN_DIRECT_OBJC_ISA_USAGE = YES_ERROR;
				CLANG_WARN_DOCUMENTATION_COMMENTS = YES;
				CLANG_WARN_EMPTY_BODY = YES;
				CLANG_WARN_ENUM_CONVERSION = YES;
				CLANG_WARN_INFINITE_RECURSION = YES;
				CLANG_WARN_INT_CONVERSION = YES;
				CLANG_WARN_NON_LITERAL_NULL_CONVERSION = YES;
				CLANG_WARN_OBJC_IMPLICIT_RETAIN_SELF = YES;
				CLANG_WARN_OBJC_LITERAL_CONVERSION = YES;
				CLANG_WARN_OBJC_ROOT_CLASS = YES_ERROR;
				CLANG_WARN_QUOTED_INCLUDE_IN_FRAMEWORK_HEADER = YES;
				CLANG_WARN_RANGE_LOOP_ANALYSIS = YES;
				CLANG_WARN_STRICT_PROTOTYPES = YES;
				CLANG_WARN_SUSPICIOUS_MOVE = YES;
				CLANG_WARN_UNGUARDED_AVAILABILITY = YES_AGGRESSIVE;
				CLANG_WARN_UNREACHABLE_CODE = YES;
				CLANG_WARN__DUPLICATE_METHOD_MATCH = YES;
				COPY_PHASE_STRIP = NO;
				DEBUG_INFORMATION_FORMAT = "dwarf-with-dsym";
				ENABLE_NS_ASSERTIONS = NO;
				ENABLE_STRICT_OBJC_MSGSEND = YES;
				ENABLE_USER_SCRIPT_SANDBOXING = YES;
				GCC_C_LANGUAGE_STANDARD = gnu17;
				GCC_NO_COMMON_BLOCKS = YES;
				GCC_WARN_64_TO_32_BIT_CONVERSION = YES;
				GCC_WARN_ABOUT_RETURN_TYPE = YES_ERROR;
				GCC_WARN_UNDECLARED_SELECTOR = YES;
				GCC_WARN_UNINITIALIZED_AUTOS = YES_AGGRESSIVE;
				GCC_WARN_UNUSED_FUNCTION = YES;
				GCC_WARN_UNUSED_VARIABLE = YES;
				LOCALIZATION_PREFERS_STRING_CATALOGS = YES;
				MACOSX_DEPLOYMENT_TARGET = 14.0;
				MTL_ENABLE_DEBUG_INFO = NO;
				MTL_FAST_MATH = YES;
				SDKROOT = macosx;
			};
			name = Release;
		};
		457688B82AEE61FD00F5463F /* Debug */ = {
			isa = XCBuildConfiguration;
			buildSettings = {
				CODE_SIGN_STYLE = Automatic;
				HEADER_SEARCH_PATHS = /opt/homebrew/Cellar/glfw/3.3.8/include;
				LIBRARY_SEARCH_PATHS = /opt/homebrew/Cellar/glfw/3.3.8/lib;
				PRODUCT_NAME = "$(TARGET_NAME)";
			};
			name = Debug;
		};
		457688B92AEE61FD00F5463F /* Release */ = {
			isa = XCBuildConfiguration;
			buildSettings = {
				CODE_SIGN_STYLE = Automatic;
				HEADER_SEARCH_PATHS = /opt/homebrew/Cellar/glfw/3.3.8/include;
				LIBRARY_SEARCH_PATHS = /opt/homebrew/Cellar/glfw/3.3.8/lib;
				PRODUCT_NAME = "$(TARGET_NAME)";
			};
			name = Release;
		};
/* End XCBuildConfiguration section */

/* Begin XCConfigurationList section */
		457688AB2AEE61FD00F5463F /* Build configuration list for PBXProject "Basketball3" */ = {
			isa = XCConfigurationList;
			buildConfigurations = (
				457688B52AEE61FD00F5463F /* Debug */,
				457688B62AEE61FD00F5463F /* Release */,
			);
			defaultConfigurationIsVisible = 0;
			defaultConfigurationName = Release;
		};
		457688B72AEE61FD00F5463F /* Build configuration list for PBXNativeTarget "Basketball3" */ = {
			isa = XCConfigurationList;
			buildConfigurations = (
				457688B82AEE61FD00F5463F /* Debug */,
				457688B92AEE61FD00F5463F /* Release */,
			);
			defaultConfigurationIsVisible = 0;
			defaultConfigurationName = Release;
		};
/* End XCConfigurationList section */
	};
	rootObject = 457688A82AEE61FD00F5463F /* Project object */;
}
